<?xml version="1.0" encoding="utf-8"?>
<Project ToolsVersion="4.0" xmlns="http://schemas.microsoft.com/developer/msbuild/2003">
  <ItemGroup>
    <Filter Include="源文件">
      <UniqueIdentifier>{4FC737F1-C7A5-4376-A066-2A32D752A2FF}</UniqueIdentifier>
      <Extensions>cpp;c;cc;cxx;def;odl;idl;hpj;bat;asm;asmx</Extensions>
    </Filter>
    <Filter Include="头文件">
      <UniqueIdentifier>{93995380-89BD-4b04-88EB-625FBE52EBFB}</UniqueIdentifier>
      <Extensions>h;hh;hpp;hxx;hm;inl;inc;xsd</Extensions>
    </Filter>
    <Filter Include="资源文件">
      <UniqueIdentifier>{67DA6AB6-F800-4c08-8B7A-83BB121AAD01}</UniqueIdentifier>
      <Extensions>rc;ico;cur;bmp;dlg;rc2;rct;bin;rgs;gif;jpg;jpeg;jpe;resx;tiff;tif;png;wav;mfcribbon-ms</Extensions>
    </Filter>
    <Filter Include="render">
      <UniqueIdentifier>{d104e328-5303-4fd4-b8d2-a3d21a7d0e43}</UniqueIdentifier>
    </Filter>
    <Filter Include="win">
      <UniqueIdentifier>{aed12461-7660-488e-8be6-8d401e8b925e}</UniqueIdentifier>
    </Filter>
    <Filter Include="game">
      <UniqueIdentifier>{40c9168f-dec2-43fe-bdb4-0ab4631842f5}</UniqueIdentifier>
    </Filter>
    <Filter Include="dl">
      <UniqueIdentifier>{81451754-90c0-4d11-a65b-ac03ab050f3d}</UniqueIdentifier>
    </Filter>
    <Filter Include="err">
      <UniqueIdentifier>{1c0c5a25-29f3-4d82-9ae3-f26bc787b982}</UniqueIdentifier>
    </Filter>
  </ItemGroup>
  <ItemGroup>
    <ClCompile Include="main.cpp">
      <Filter>源文件</Filter>
    </ClCompile>
    <ClCompile Include="sgfwin.cpp">
      <Filter>win</Filter>
    </ClCompile>
    <ClCompile Include="sgfd2drender.cpp">
      <Filter>render</Filter>
    </ClCompile>
    <ClCompile Include="sgfdl.cpp">
      <Filter>dl</Filter>
    </ClCompile>
  </ItemGroup>
  <ItemGroup>
    <ClInclude Include="sgfwin.h">
      <Filter>win</Filter>
    </ClInclude>
    <ClInclude Include="sgfrender.h">
      <Filter>render</Filter>
    </ClInclude>
    <ClInclude Include="sgfd2drender.h">
      <Filter>render</Filter>
    </ClInclude>
    <ClInclude Include="game.h">
      <Filter>game</Filter>
    </ClInclude>
    <ClInclude Include="sgfdl.h">
      <Filter>dl</Filter>
    </ClInclude>
    <ClInclude Include="sgferr.h">
      <Filter>err</Filter>
    </ClInclude>
  </ItemGroup>
</Project>