
Microsoft Visual Studio Solution File, Format Version 12.00
# Visual Studio 15
VisualStudioVersion = 15.0.26430.16
MinimumVisualStudioVersion = 10.0.40219.1
Project("{8BC9CEB8-8B4A-11D0-8D11-00A0C91BC942}") = "SGF", "SGF\SGF.vcxproj", "{82EEB8AE-BEAC-48E1-B7B7-4EA33DF53670}"
	ProjectSection(ProjectDependencies) = postProject
		{D723400D-1F35-44F8-896F-2D8526CE0118} = {D723400D-1F35-44F8-896F-2D8526CE0118}
	EndProjectSection
EndProject
Project("{2150E333-8FDC-42A3-9474-1A3956D46DE8}") = "examples", "examples", "{EF98521B-EF6D-4AE1-9355-D2D4F1F9426A}"
EndProject
Project("{8BC9CEB8-8B4A-11D0-8D11-00A0C91BC942}") = "NumberRain", "examples\NumberRain\NumberRain.vcxproj", "{D723400D-1F35-44F8-896F-2D8526CE0118}"
EndProject
Global
	GlobalSection(SolutionConfigurationPlatforms) = preSolution
		Debug|x64 = Debug|x64
		Debug|x86 = Debug|x86
		Release|x64 = Release|x64
		Release|x86 = Release|x86
	EndGlobalSection
	GlobalSection(ProjectConfigurationPlatforms) = postSolution
		{82EEB8AE-BEAC-48E1-B7B7-4EA33DF53670}.Debug|x64.ActiveCfg = Debug|x64
		{82EEB8AE-BEAC-48E1-B7B7-4EA33DF53670}.Debug|x64.Build.0 = Debug|x64
		{82EEB8AE-BEAC-48E1-B7B7-4EA33DF53670}.Debug|x86.ActiveCfg = Debug|Win32
		{82EEB8AE-BEAC-48E1-B7B7-4EA33DF53670}.Debug|x86.Build.0 = Debug|Win32
		{82EEB8AE-BEAC-48E1-B7B7-4EA33DF53670}.Release|x64.ActiveCfg = Release|x64
		{82EEB8AE-BEAC-48E1-B7B7-4EA33DF53670}.Release|x64.Build.0 = Release|x64
		{82EEB8AE-BEAC-48E1-B7B7-4EA33DF53670}.Release|x86.ActiveCfg = Release|Win32
		{82EEB8AE-BEAC-48E1-B7B7-4EA33DF53670}.Release|x86.Build.0 = Release|Win32
		{D723400D-1F35-44F8-896F-2D8526CE0118}.Debug|x64.ActiveCfg = Debug|x64
		{D723400D-1F35-44F8-896F-2D8526CE0118}.Debug|x64.Build.0 = Debug|x64
		{D723400D-1F35-44F8-896F-2D8526CE0118}.Debug|x86.ActiveCfg = Debug|Win32
		{D723400D-1F35-44F8-896F-2D8526CE0118}.Debug|x86.Build.0 = Debug|Win32
		{D723400D-1F35-44F8-896F-2D8526CE0118}.Release|x64.ActiveCfg = Release|x64
		{D723400D-1F35-44F8-896F-2D8526CE0118}.Release|x64.Build.0 = Release|x64
		{D723400D-1F35-44F8-896F-2D8526CE0118}.Release|x86.ActiveCfg = Release|Win32
		{D723400D-1F35-44F8-896F-2D8526CE0118}.Release|x86.Build.0 = Release|Win32
	EndGlobalSection
	GlobalSection(SolutionProperties) = preSolution
		HideSolutionNode = FALSE
	EndGlobalSection
	GlobalSection(NestedProjects) = preSolution
		{D723400D-1F35-44F8-896F-2D8526CE0118} = {EF98521B-EF6D-4AE1-9355-D2D4F1F9426A}
	EndGlobalSection
EndGlobal
